<?xml version="1.0" encoding="utf-8"?>
<Project ToolsVersion="4.0" xmlns="http://schemas.microsoft.com/developer/msbuild/2003">
  <ItemGroup>
    <Filter Include="资源文件">
      <UniqueIdentifier>{67DA6AB6-F800-4c08-8B7A-83BB121AAD01}</UniqueIdentifier>
      <Extensions>rc;ico;cur;bmp;dlg;rc2;rct;bin;rgs;gif;jpg;jpeg;jpe;resx;tiff;tif;png;wav;mfcribbon-ms</Extensions>
    </Filter>
    <Filter Include="GEngine">
      <UniqueIdentifier>{eb51274c-bf5c-4979-8a71-09c279cb9db1}</UniqueIdentifier>
    </Filter>
    <Filter Include="GEngine\Core">
      <UniqueIdentifier>{9914d426-b4eb-415c-8bf5-2c3093ecd0c8}</UniqueIdentifier>
    </Filter>
    <Filter Include="GEngine\Core\Event">
      <UniqueIdentifier>{68acd2a3-406d-457c-9f1a-6a0268e5ab5e}</UniqueIdentifier>
    </Filter>
  </ItemGroup>
  <ItemGroup>
    <ClInclude Include="src\Core\Application.h">
      <Filter>GEngine\Core</Filter>
    </ClInclude>
    <ClInclude Include="src\Core\Timestep.h">
      <Filter>GEngine\Core</Filter>
    </ClInclude>
    <ClInclude Include="src\Core\Event\Event.h">
      <Filter>GEngine\Core\Event</Filter>
    </ClInclude>
    <ClInclude Include="src\Core\Base.h">
      <Filter>GEngine\Core</Filter>
    </ClInclude>
    <ClInclude Include="src\Core\Event\ApplicationEvent.h">
      <Filter>GEngine\Core\Event</Filter>
    </ClInclude>
    <ClInclude Include="src\Core\Event\KeyEvent.h">
      <Filter>GEngine\Core\Event</Filter>
    </ClInclude>
    <ClInclude Include="src\Core\Event\MouseEvent.h">
      <Filter>GEngine\Core\Event</Filter>
    </ClInclude>
    <ClInclude Include="src\Core\KeyCodes.h">
      <Filter>GEngine\Core</Filter>
    </ClInclude>
    <ClInclude Include="src\Core\Layer.h">
      <Filter>GEngine\Core</Filter>
    </ClInclude>
    <ClInclude Include="src\Core\LayerStack.h">
      <Filter>GEngine\Core</Filter>
    </ClInclude>
    <ClInclude Include="src\Core\Window.h">
      <Filter>GEngine\Core</Filter>
    </ClInclude>
  </ItemGroup>
  <ItemGroup>
    <ClCompile Include="src\Core\Timestep.cpp">
      <Filter>GEngine\Core</Filter>
    </ClCompile>
    <ClCompile Include="src\Core\Base.cpp">
      <Filter>GEngine\Core</Filter>
    </ClCompile>
    <ClCompile Include="src\Core\Layer.cpp">
      <Filter>GEngine\Core</Filter>
    </ClCompile>
    <ClCompile Include="src\Core\LayerStack.cpp">
      <Filter>GEngine\Core</Filter>
    </ClCompile>
    <ClCompile Include="src\Core\Window.cpp">
      <Filter>GEngine\Core</Filter>
    </ClCompile>
  </ItemGroup>
</Project>